
Microsoft Visual Studio Solution File, Format Version 12.00
# Visual Studio Version 17
VisualStudioVersion = 17.1.31911.260
MinimumVisualStudioVersion = 10.0.40219.1
Project("{FAE04EC0-301F-11D3-BF4B-00C04F79EFBC}") = "Google Translate Windows Form App", "Google Translate Windows Form App.csproj", "{A2E5078F-FB01-48BF-8315-CE66047C28D4}"
EndProject
Global
	GlobalSection(SolutionConfigurationPlatforms) = preSolution
		Debug|Any CPU = Debug|Any CPU
		Release|Any CPU = Release|Any CPU
	EndGlobalSection
	GlobalSection(ProjectConfigurationPlatforms) = postSolution
		{A2E5078F-FB01-48BF-8315-CE66047C28D4}.Debug|Any CPU.ActiveCfg = Debug|Any CPU
		{A2E5078F-FB01-48BF-8315-CE66047C28D4}.Debug|Any CPU.Build.0 = Debug|Any CPU
		{A2E5078F-FB01-48BF-8315-CE66047C28D4}.Release|Any CPU.ActiveCfg = Release|Any CPU
		{A2E5078F-FB01-48BF-8315-CE66047C28D4}.Release|Any CPU.Build.0 = Release|Any CPU
	EndGlobalSection
	GlobalSection(SolutionProperties) = preSolution
		HideSolutionNode = FALSE
	EndGlobalSection
	GlobalSection(ExtensibilityGlobals) = postSolution
		SolutionGuid = {D6C59864-0AA4-4680-B203-BDB6DD5E7711}
	EndGlobalSection
EndGlobal
